#MicroXplorer Configuration settings - do not modify
Mcu.Family=STM32WL
ProjectManager.MainLocation=Core/Src
CortexM0Plus.IPs=ADV_TRACE,DMA,GTZC_S\:I,IPCC,LORAWAN,MISC,NVIC2\:I,RCC,SEQUENCER_M0PLUS\:I,SIGFOX,SUBGHZ\:I,SUBGHZ_PHY,SYS_M0PLUS\:I,TIMER,TINY_LPM,HSEM,USART2
SYS_M0PLUS.userName=SYS_M0+
NVIC1.HardFault_IRQn=true\:0\:0\:false\:false\:true\:false\:false
RCC.PLLQoutputFreq_Value=16000000
ProjectManager.ProjectFileName=STM32WL_HSEM.ioc
USART2.IPParameters=VirtualMode-Asynchronous
NVIC1.HSEM_IRQn=true\:1\:0\:true\:false\:true\:false\:true
ProjectManager.KeepUserCode=true
Mcu.UserName=STM32WL55JCIx
Mcu.PinsNb=5
ProjectManager.NoMain=false
NVIC2.SysTick_IRQn=true\:0\:0\:false\:false\:true\:false\:true
PCC.SUBGHZ.OptionalSettings=false
ProjectManager.functionlistsort=1-MX_GPIO_Init-GPIO-false-HAL-true-CortexM4,2-SystemClock_Config-RCC-false-HAL-false-CortexM4,3-MX_USART2_UART_Init-USART2-false-HAL-true-CortexM4,1-MX_USART2_UART_Init-USART2-true-HAL-true-CortexM0Plus,0-MX_HSEM_Init-HSEM-true-HAL-true-CortexM4,0-MX_HSEM_Init-HSEM-true-HAL-true-CortexM0Plus
NVIC1.PriorityGroup=NVIC_PRIORITYGROUP_4
ProjectManager.DefaultFWLocation=true
VP_HSEM_VS_HSEM.Signal=HSEM_VS_HSEM
PCC.SUBGHZ.RxBoosted=false
VP_SYS_M0PLUS_VS_Systick.Signal=SYS_M0PLUS_VS_Systick
NVIC2.HSEM_IRQn=true\:1\:0\:true\:false\:true\:false\:true
ProjectManager.DeletePrevious=true
RCC.HCLK2Freq_Value=4000000
PinOutPanel.RotationAngle=0
PinOutPanel.CurrentBGAView=Top
RCC.FamilyName=M
ProjectManager.StackSize=0x400
PCC.SUBGHZ.Output.Power=14
SYS.userName=SYS_M4
PA3.Mode=Asynchronous
Mcu.IP4=SYS_M0PLUS
NVIC1.PendSV_IRQn=true\:0\:0\:false\:false\:true\:false\:false
Mcu.IP5=SYS
PCC.SUBGHZ.FrequencyBand=High
Mcu.IP2=NVIC2
Mcu.IP3=RCC
Mcu.IP0=HSEM
NVIC2.PendSV_IRQn=true\:0\:0\:false\:false\:true\:false\:false
Mcu.IP1=NVIC1
NVIC1.SVCall_IRQn=true\:0\:0\:false\:false\:true\:false\:false
NVIC1.NonMaskableInt_IRQn=true\:0\:0\:false\:false\:true\:false\:false
Mcu.UserConstants=
ProjectManager.TargetToolchain=STM32CubeIDE
NVIC1.SysTick_IRQn=true\:0\:0\:false\:false\:true\:false\:true
Mcu.ThirdPartyNb=0
NVIC2.ForceEnableDMAVector=true
Mcu.IPNb=7
ProjectManager.PreviousToolchain=
NVIC1.ForceEnableDMAVector=true
ProjectManager.RegisterCallBack=
RCC.LSE_VALUE=32768
Mcu.Pin0=PA3
Mcu.Pin1=PA2
GPIO.groupedBy=Group By Peripherals
Mcu.Pin2=VP_HSEM_VS_HSEM
Mcu.Pin3=VP_SYS_VS_Systick
Mcu.Pin4=VP_SYS_M0PLUS_VS_Systick
ProjectManager.BootMode=boot0
ProjectManager.ProjectBuild=false
RCC.HSE_VALUE=8000000
NVIC2.NonMaskableInt_IRQn=true\:0\:0\:false\:false\:true\:false\:false
board=custom
Mcu.ContextProject=DualCore
USART2.VirtualMode-Asynchronous=VM_ASYNC
RCC.VCOOutputFreq_Value=32000000
ProjectManager.LastFirmware=true
PCC.SUBGHZ.SMPS=Off
ProjectManager.FirmwarePackage=STM32Cube FW_WL V1.0.0
MxDb.Version=DB.6.0.21
NVIC1.UsageFault_IRQn=true\:0\:0\:false\:false\:true\:false\:false
ProjectManager.BackupPrevious=false
MxCube.Version=6.2.1
RCC.VCOInputFreq_Value=4000000
NVIC1.DebugMonitor_IRQn=true\:0\:0\:false\:false\:true\:false\:false
RCC.RNGFreq_Value=32000
File.Version=6
VP_SYS_VS_Systick.Mode=SysTick
RCC.PLLRCLKFreq_Value=16000000
NVIC1.MemoryManagement_IRQn=true\:0\:0\:false\:false\:true\:false\:false
NVIC2.SVC_IRQn=true\:0\:0\:false\:false\:true\:false\:false
ProjectManager.FreePins=false
RCC.IPParameters=FamilyName,HCLK2Freq_Value,HSE_VALUE,HSI_VALUE,I2S2Freq_Value,LSCOPinFreq_Value,LSE_VALUE,PLLPoutputFreq_Value,PLLQoutputFreq_Value,PLLRCLKFreq_Value,RNGFreq_Value,VCOInputFreq_Value,VCOOutputFreq_Value
ProjectManager.AskForMigrate=true
Mcu.Name=STM32WL55JCIx
ProjectManager.HalAssertFull=false
PA2.Signal=USART2_TX
ProjectManager.ProjectName=STM32WL_HSEM
ProjectManager.UnderRoot=true
Mcu.IP6=USART2
ProjectManager.CoupleFile=false
Mcu.Package=UFBGA73
RCC.I2S2Freq_Value=16000000
KeepUserPlacement=false
ProjectManager.CompilerOptimize=6
ProjectManager.ToolChainLocation=
VP_SYS_M0PLUS_VS_Systick.Mode=SysTick
VP_SYS_VS_Systick.Signal=SYS_VS_Systick
RCC.LSCOPinFreq_Value=32000
ProjectManager.HeapSize=0x200
PCC.SUBGHZ.Modulation=FSK
ProjectManager.ComputerToolchain=false
Mcu.Context0=CortexM4
RCC.HSI_VALUE=16000000
Mcu.Context1=CortexM0Plus
VP_HSEM_VS_HSEM.Mode=HSEM_Activate
RCC.PLLPoutputFreq_Value=16000000
PA2.Mode=Asynchronous
NVIC1.BusFault_IRQn=true\:0\:0\:false\:false\:true\:false\:false
Mcu.ContextNb=2
ProjectManager.CustomerFirmwarePackage=
NVIC2.HardFault_IRQn=true\:0\:0\:false\:false\:true\:false\:false
ProjectManager.DeviceId=STM32WL55JCIx
ProjectManager.LibraryCopy=1
PCC.SUBGHZ.PowerAmplifier=Low Power
PA3.Signal=USART2_RX
CortexM4.IPs=ADV_TRACE\:I,DEBUG\:I,DMA\:I,FATFS\:I,FREERTOS\:I,GTZC_NS\:I,IPCC\:I,LORAWAN\:I,MISC\:I,NVIC1\:I,RCC\:I,SEQUENCER_M4\:I,SIGFOX\:I,SUBGHZ_PHY\:I,SYS\:I,TIMER\:I,TINY_LPM\:I,HSEM,USART2\:I
isbadioc=false
